
Microsoft Visual Studio Solution File, Format Version 12.00
# Visual Studio Version 17
VisualStudioVersion = 17.0.31903.59
MinimumVisualStudioVersion = 10.0.40219.1
Project("{2150E333-8FDC-42A3-9474-1A3956D46DE8}") = "sitrust-mock", "sitrust-mock", "{B93F7395-1B4B-E1A0-C67C-1356254D707A}"
EndProject
Project("{2150E333-8FDC-42A3-9474-1A3956D46DE8}") = "backend", "backend", "{B5395017-E1BA-C6E4-EC5E-6A5A44807509}"
EndProject
Project("{FAE04EC0-301F-11D3-BF4B-00C04F79EFBC}") = "SiTrustMock", "sitrust-mock\backend\SiTrustMock\SiTrustMock.csproj", "{327B0473-6B3F-4116-A4A6-9C95F48BFDAE}"
EndProject
Project("{FAE04EC0-301F-11D3-BF4B-00C04F79EFBC}") = "SiTrustMock.Tests", "sitrust-mock\backend\SiTrustMock.Tests\SiTrustMock.Tests.csproj", "{384E3189-42D0-4A54-9A92-E9AFF01227D4}"
EndProject
Global
	GlobalSection(SolutionConfigurationPlatforms) = preSolution
		Debug|Any CPU = Debug|Any CPU
		Debug|x64 = Debug|x64
		Debug|x86 = Debug|x86
		Release|Any CPU = Release|Any CPU
		Release|x64 = Release|x64
		Release|x86 = Release|x86
	EndGlobalSection
	GlobalSection(ProjectConfigurationPlatforms) = postSolution
		{327B0473-6B3F-4116-A4A6-9C95F48BFDAE}.Debug|Any CPU.ActiveCfg = Debug|Any CPU
		{327B0473-6B3F-4116-A4A6-9C95F48BFDAE}.Debug|Any CPU.Build.0 = Debug|Any CPU
		{327B0473-6B3F-4116-A4A6-9C95F48BFDAE}.Debug|x64.ActiveCfg = Debug|Any CPU
		{327B0473-6B3F-4116-A4A6-9C95F48BFDAE}.Debug|x64.Build.0 = Debug|Any CPU
		{327B0473-6B3F-4116-A4A6-9C95F48BFDAE}.Debug|x86.ActiveCfg = Debug|Any CPU
		{327B0473-6B3F-4116-A4A6-9C95F48BFDAE}.Debug|x86.Build.0 = Debug|Any CPU
		{327B0473-6B3F-4116-A4A6-9C95F48BFDAE}.Release|Any CPU.ActiveCfg = Release|Any CPU
		{327B0473-6B3F-4116-A4A6-9C95F48BFDAE}.Release|Any CPU.Build.0 = Release|Any CPU
		{327B0473-6B3F-4116-A4A6-9C95F48BFDAE}.Release|x64.ActiveCfg = Release|Any CPU
		{327B0473-6B3F-4116-A4A6-9C95F48BFDAE}.Release|x64.Build.0 = Release|Any CPU
		{327B0473-6B3F-4116-A4A6-9C95F48BFDAE}.Release|x86.ActiveCfg = Release|Any CPU
		{327B0473-6B3F-4116-A4A6-9C95F48BFDAE}.Release|x86.Build.0 = Release|Any CPU
		{384E3189-42D0-4A54-9A92-E9AFF01227D4}.Debug|Any CPU.ActiveCfg = Debug|Any CPU
		{384E3189-42D0-4A54-9A92-E9AFF01227D4}.Debug|Any CPU.Build.0 = Debug|Any CPU
		{384E3189-42D0-4A54-9A92-E9AFF01227D4}.Debug|x64.ActiveCfg = Debug|Any CPU
		{384E3189-42D0-4A54-9A92-E9AFF01227D4}.Debug|x64.Build.0 = Debug|Any CPU
		{384E3189-42D0-4A54-9A92-E9AFF01227D4}.Debug|x86.ActiveCfg = Debug|Any CPU
		{384E3189-42D0-4A54-9A92-E9AFF01227D4}.Debug|x86.Build.0 = Debug|Any CPU
		{384E3189-42D0-4A54-9A92-E9AFF01227D4}.Release|Any CPU.ActiveCfg = Release|Any CPU
		{384E3189-42D0-4A54-9A92-E9AFF01227D4}.Release|Any CPU.Build.0 = Release|Any CPU
		{384E3189-42D0-4A54-9A92-E9AFF01227D4}.Release|x64.ActiveCfg = Release|Any CPU
		{384E3189-42D0-4A54-9A92-E9AFF01227D4}.Release|x64.Build.0 = Release|Any CPU
		{384E3189-42D0-4A54-9A92-E9AFF01227D4}.Release|x86.ActiveCfg = Release|Any CPU
		{384E3189-42D0-4A54-9A92-E9AFF01227D4}.Release|x86.Build.0 = Release|Any CPU
	EndGlobalSection
	GlobalSection(SolutionProperties) = preSolution
		HideSolutionNode = FALSE
	EndGlobalSection
	GlobalSection(NestedProjects) = preSolution
		{B5395017-E1BA-C6E4-EC5E-6A5A44807509} = {B93F7395-1B4B-E1A0-C67C-1356254D707A}
		{327B0473-6B3F-4116-A4A6-9C95F48BFDAE} = {B5395017-E1BA-C6E4-EC5E-6A5A44807509}
		{384E3189-42D0-4A54-9A92-E9AFF01227D4} = {B5395017-E1BA-C6E4-EC5E-6A5A44807509}
	EndGlobalSection
EndGlobal
